<?xml version="1.0" encoding="utf-8"?>
<Project ToolsVersion="4.0" xmlns="http://schemas.microsoft.com/developer/msbuild/2003">
  <ItemGroup>
    <Filter Include="Source Files">
      <UniqueIdentifier>{4FC737F1-C7A5-4376-A066-2A32D752A2FF}</UniqueIdentifier>
      <Extensions>cpp;c;cc;cxx;c++;cppm;ixx;def;odl;idl;hpj;bat;asm;asmx</Extensions>
    </Filter>
    <Filter Include="Header Files">
      <UniqueIdentifier>{93995380-89BD-4b04-88EB-625FBE52EBFB}</UniqueIdentifier>
      <Extensions>h;hh;hpp;hxx;h++;hm;inl;inc;ipp;xsd</Extensions>
    </Filter>
    <Filter Include="Resource Files">
      <UniqueIdentifier>{67DA6AB6-F800-4c08-8B7A-83BB121AAD01}</UniqueIdentifier>
      <Extensions>rc;ico;cur;bmp;dlg;rc2;rct;bin;rgs;gif;jpg;jpeg;jpe;resx;tiff;tif;png;wav;mfcribbon-ms</Extensions>
    </Filter>
    <Filter Include="Header Files\KeyTools">
      <UniqueIdentifier>{81543fc3-b368-4917-880d-5f5dee2264af}</UniqueIdentifier>
    </Filter>
    <Filter Include="Source Files\KeyTools">
      <UniqueIdentifier>{db1c8a91-174d-49f7-99f1-5acff22eade2}</UniqueIdentifier>
    </Filter>
    <Filter Include="Header Files\OtherTools">
      <UniqueIdentifier>{da73b1af-df4b-462d-8d93-396308f0de22}</UniqueIdentifier>
    </Filter>
    <Filter Include="Source Files\OtherTools">
      <UniqueIdentifier>{ab71801b-860b-4b88-8c75-54e0cdc5b3a7}</UniqueIdentifier>
    </Filter>
  </ItemGroup>
  <ItemGroup>
    <ClCompile Include="AESDumpster\AESDumpster.cpp">
      <Filter>Source Files</Filter>
    </ClCompile>
    <ClCompile Include="KeyTools\KeyDumpster.cpp">
      <Filter>Source Files\KeyTools</Filter>
    </ClCompile>
    <ClCompile Include="OtherTools\OtherTools.cpp">
      <Filter>Source Files\OtherTools</Filter>
    </ClCompile>
  </ItemGroup>
  <ItemGroup>
    <ClInclude Include="Resources\resource.h">
      <Filter>Header Files</Filter>
    </ClInclude>
    <ClInclude Include="KeyTools\KeyDumpster.h">
      <Filter>Header Files\KeyTools</Filter>
    </ClInclude>
    <ClInclude Include="OtherTools\OtherTools.h">
      <Filter>Header Files\OtherTools</Filter>
    </ClInclude>
  </ItemGroup>
  <ItemGroup>
    <ResourceCompile Include="Resources\AESDumpster.rc">
      <Filter>Resource Files</Filter>
    </ResourceCompile>
  </ItemGroup>
</Project>